// !$*UTF8*$!
{
	archiveVersion = 1;
	classes = {
	};
	objectVersion = 50;
	objects = {

/* Begin PBXBuildFile section */
		0DE431D722559127001DF0D7 /* AppDelegate.swift in Sources */ = {isa = PBXBuildFile; fileRef = 0DE431D622559127001DF0D7 /* AppDelegate.swift */; };
		0DE431D922559127001DF0D7 /* ViewController.swift in Sources */ = {isa = PBXBuildFile; fileRef = 0DE431D822559127001DF0D7 /* ViewController.swift */; };
		0DE431DC22559127001DF0D7 /* Main.storyboard in Resources */ = {isa = PBXBuildFile; fileRef = 0DE431DA22559127001DF0D7 /* Main.storyboard */; };
		0DE431DF22559127001DF0D7 /* TripPlanner.xcdatamodeld in Sources */ = {isa = PBXBuildFile; fileRef = 0DE431DD22559127001DF0D7 /* TripPlanner.xcdatamodeld */; };
		0DE431E122559128001DF0D7 /* Assets.xcassets in Resources */ = {isa = PBXBuildFile; fileRef = 0DE431E022559128001DF0D7 /* Assets.xcassets */; };
		0DE431E422559128001DF0D7 /* LaunchScreen.storyboard in Resources */ = {isa = PBXBuildFile; fileRef = 0DE431E222559128001DF0D7 /* LaunchScreen.storyboard */; };
		0DE431EF22559128001DF0D7 /* TripPlannerTests.swift in Sources */ = {isa = PBXBuildFile; fileRef = 0DE431EE22559128001DF0D7 /* TripPlannerTests.swift */; };
		0DE431FA22559129001DF0D7 /* TripPlannerUITests.swift in Sources */ = {isa = PBXBuildFile; fileRef = 0DE431F922559129001DF0D7 /* TripPlannerUITests.swift */; };
		0DE432082255A5AE001DF0D7 /* ViewTripTableViewController.swift in Sources */ = {isa = PBXBuildFile; fileRef = 0DE432072255A5AE001DF0D7 /* ViewTripTableViewController.swift */; };
		0DE4320A2255A5C5001DF0D7 /* AddTripTableViewController.swift in Sources */ = {isa = PBXBuildFile; fileRef = 0DE432092255A5C5001DF0D7 /* AddTripTableViewController.swift */; };
		0DE4320C2255A64C001DF0D7 /* AddTripTableViewControllerDelegate.swift in Sources */ = {isa = PBXBuildFile; fileRef = 0DE4320B2255A64C001DF0D7 /* AddTripTableViewControllerDelegate.swift */; };
/* End PBXBuildFile section */

/* Begin PBXContainerItemProxy section */
		0DE431EB22559128001DF0D7 /* PBXContainerItemProxy */ = {
			isa = PBXContainerItemProxy;
			containerPortal = 0DE431CB22559127001DF0D7 /* Project object */;
			proxyType = 1;
			remoteGlobalIDString = 0DE431D222559127001DF0D7;
			remoteInfo = TripPlanner;
		};
		0DE431F622559129001DF0D7 /* PBXContainerItemProxy */ = {
			isa = PBXContainerItemProxy;
			containerPortal = 0DE431CB22559127001DF0D7 /* Project object */;
			proxyType = 1;
			remoteGlobalIDString = 0DE431D222559127001DF0D7;
			remoteInfo = TripPlanner;
		};
/* End PBXContainerItemProxy section */

/* Begin PBXFileReference section */
		0DE431D322559127001DF0D7 /* TripPlanner.app */ = {isa = PBXFileReference; explicitFileType = wrapper.application; includeInIndex = 0; path = TripPlanner.app; sourceTree = BUILT_PRODUCTS_DIR; };
		0DE431D622559127001DF0D7 /* AppDelegate.swift */ = {isa = PBXFileReference; lastKnownFileType = sourcecode.swift; path = AppDelegate.swift; sourceTree = "<group>"; };
		0DE431D822559127001DF0D7 /* ViewController.swift */ = {isa = PBXFileReference; lastKnownFileType = sourcecode.swift; path = ViewController.swift; sourceTree = "<group>"; };
		0DE431DB22559127001DF0D7 /* Base */ = {isa = PBXFileReference; lastKnownFileType = file.storyboard; name = Base; path = Base.lproj/Main.storyboard; sourceTree = "<group>"; };
		0DE431DE22559127001DF0D7 /* TripPlanner.xcdatamodel */ = {isa = PBXFileReference; lastKnownFileType = wrapper.xcdatamodel; path = TripPlanner.xcdatamodel; sourceTree = "<group>"; };
		0DE431E022559128001DF0D7 /* Assets.xcassets */ = {isa = PBXFileReference; lastKnownFileType = folder.assetcatalog; path = Assets.xcassets; sourceTree = "<group>"; };
		0DE431E322559128001DF0D7 /* Base */ = {isa = PBXFileReference; lastKnownFileType = file.storyboard; name = Base; path = Base.lproj/LaunchScreen.storyboard; sourceTree = "<group>"; };
		0DE431E522559128001DF0D7 /* Info.plist */ = {isa = PBXFileReference; lastKnownFileType = text.plist.xml; path = Info.plist; sourceTree = "<group>"; };
		0DE431EA22559128001DF0D7 /* TripPlannerTests.xctest */ = {isa = PBXFileReference; explicitFileType = wrapper.cfbundle; includeInIndex = 0; path = TripPlannerTests.xctest; sourceTree = BUILT_PRODUCTS_DIR; };
		0DE431EE22559128001DF0D7 /* TripPlannerTests.swift */ = {isa = PBXFileReference; lastKnownFileType = sourcecode.swift; path = TripPlannerTests.swift; sourceTree = "<group>"; };
		0DE431F022559128001DF0D7 /* Info.plist */ = {isa = PBXFileReference; lastKnownFileType = text.plist.xml; path = Info.plist; sourceTree = "<group>"; };
		0DE431F522559129001DF0D7 /* TripPlannerUITests.xctest */ = {isa = PBXFileReference; explicitFileType = wrapper.cfbundle; includeInIndex = 0; path = TripPlannerUITests.xctest; sourceTree = BUILT_PRODUCTS_DIR; };
		0DE431F922559129001DF0D7 /* TripPlannerUITests.swift */ = {isa = PBXFileReference; lastKnownFileType = sourcecode.swift; path = TripPlannerUITests.swift; sourceTree = "<group>"; };
		0DE431FB22559129001DF0D7 /* Info.plist */ = {isa = PBXFileReference; lastKnownFileType = text.plist.xml; path = Info.plist; sourceTree = "<group>"; };
		0DE432072255A5AE001DF0D7 /* ViewTripTableViewController.swift */ = {isa = PBXFileReference; lastKnownFileType = sourcecode.swift; path = ViewTripTableViewController.swift; sourceTree = "<group>"; };
		0DE432092255A5C5001DF0D7 /* AddTripTableViewController.swift */ = {isa = PBXFileReference; lastKnownFileType = sourcecode.swift; path = AddTripTableViewController.swift; sourceTree = "<group>"; };
		0DE4320B2255A64C001DF0D7 /* AddTripTableViewControllerDelegate.swift */ = {isa = PBXFileReference; lastKnownFileType = sourcecode.swift; path = AddTripTableViewControllerDelegate.swift; sourceTree = "<group>"; };
/* End PBXFileReference section */

/* Begin PBXFrameworksBuildPhase section */
		0DE431D022559127001DF0D7 /* Frameworks */ = {
			isa = PBXFrameworksBuildPhase;
			buildActionMask = 2147483647;
			files = (
			);
			runOnlyForDeploymentPostprocessing = 0;
		};
		0DE431E722559128001DF0D7 /* Frameworks */ = {
			isa = PBXFrameworksBuildPhase;
			buildActionMask = 2147483647;
			files = (
			);
			runOnlyForDeploymentPostprocessing = 0;
		};
		0DE431F222559129001DF0D7 /* Frameworks */ = {
			isa = PBXFrameworksBuildPhase;
			buildActionMask = 2147483647;
			files = (
			);
			runOnlyForDeploymentPostprocessing = 0;
		};
/* End PBXFrameworksBuildPhase section */

/* Begin PBXGroup section */
		0DE431CA22559127001DF0D7 = {
			isa = PBXGroup;
			children = (
				0DE431D522559127001DF0D7 /* TripPlanner */,
				0DE431ED22559128001DF0D7 /* TripPlannerTests */,
				0DE431F822559129001DF0D7 /* TripPlannerUITests */,
				0DE431D422559127001DF0D7 /* Products */,
			);
			sourceTree = "<group>";
		};
		0DE431D422559127001DF0D7 /* Products */ = {
			isa = PBXGroup;
			children = (
				0DE431D322559127001DF0D7 /* TripPlanner.app */,
				0DE431EA22559128001DF0D7 /* TripPlannerTests.xctest */,
				0DE431F522559129001DF0D7 /* TripPlannerUITests.xctest */,
			);
			name = Products;
			sourceTree = "<group>";
		};
		0DE431D522559127001DF0D7 /* TripPlanner */ = {
			isa = PBXGroup;
			children = (
				0DE431D622559127001DF0D7 /* AppDelegate.swift */,
				0DE431D822559127001DF0D7 /* ViewController.swift */,
				0DE431DA22559127001DF0D7 /* Main.storyboard */,
				0DE431E022559128001DF0D7 /* Assets.xcassets */,
				0DE431E222559128001DF0D7 /* LaunchScreen.storyboard */,
				0DE431E522559128001DF0D7 /* Info.plist */,
				0DE431DD22559127001DF0D7 /* TripPlanner.xcdatamodeld */,
				0DE432072255A5AE001DF0D7 /* ViewTripTableViewController.swift */,
				0DE432092255A5C5001DF0D7 /* AddTripTableViewController.swift */,
				0DE4320B2255A64C001DF0D7 /* AddTripTableViewControllerDelegate.swift */,
			);
			path = TripPlanner;
			sourceTree = "<group>";
		};
		0DE431ED22559128001DF0D7 /* TripPlannerTests */ = {
			isa = PBXGroup;
			children = (
				0DE431EE22559128001DF0D7 /* TripPlannerTests.swift */,
				0DE431F022559128001DF0D7 /* Info.plist */,
			);
			path = TripPlannerTests;
			sourceTree = "<group>";
		};
		0DE431F822559129001DF0D7 /* TripPlannerUITests */ = {
			isa = PBXGroup;
			children = (
				0DE431F922559129001DF0D7 /* TripPlannerUITests.swift */,
				0DE431FB22559129001DF0D7 /* Info.plist */,
			);
			path = TripPlannerUITests;
			sourceTree = "<group>";
		};
/* End PBXGroup section */

/* Begin PBXNativeTarget section */
		0DE431D222559127001DF0D7 /* TripPlanner */ = {
			isa = PBXNativeTarget;
			buildConfigurationList = 0DE431FE22559129001DF0D7 /* Build configuration list for PBXNativeTarget "TripPlanner" */;
			buildPhases = (
				0DE431CF22559127001DF0D7 /* Sources */,
				0DE431D022559127001DF0D7 /* Frameworks */,
				0DE431D122559127001DF0D7 /* Resources */,
			);
			buildRules = (
			);
			dependencies = (
			);
			name = TripPlanner;
			productName = TripPlanner;
			productReference = 0DE431D322559127001DF0D7 /* TripPlanner.app */;
			productType = "com.apple.product-type.application";
		};
		0DE431E922559128001DF0D7 /* TripPlannerTests */ = {
			isa = PBXNativeTarget;
			buildConfigurationList = 0DE4320122559129001DF0D7 /* Build configuration list for PBXNativeTarget "TripPlannerTests" */;
			buildPhases = (
				0DE431E622559128001DF0D7 /* Sources */,
				0DE431E722559128001DF0D7 /* Frameworks */,
				0DE431E822559128001DF0D7 /* Resources */,
			);
			buildRules = (
			);
			dependencies = (
				0DE431EC22559128001DF0D7 /* PBXTargetDependency */,
			);
			name = TripPlannerTests;
			productName = TripPlannerTests;
			productReference = 0DE431EA22559128001DF0D7 /* TripPlannerTests.xctest */;
			productType = "com.apple.product-type.bundle.unit-test";
		};
		0DE431F422559129001DF0D7 /* TripPlannerUITests */ = {
			isa = PBXNativeTarget;
			buildConfigurationList = 0DE4320422559129001DF0D7 /* Build configuration list for PBXNativeTarget "TripPlannerUITests" */;
			buildPhases = (
				0DE431F122559129001DF0D7 /* Sources */,
				0DE431F222559129001DF0D7 /* Frameworks */,
				0DE431F322559129001DF0D7 /* Resources */,
			);
			buildRules = (
			);
			dependencies = (
				0DE431F722559129001DF0D7 /* PBXTargetDependency */,
			);
			name = TripPlannerUITests;
			productName = TripPlannerUITests;
			productReference = 0DE431F522559129001DF0D7 /* TripPlannerUITests.xctest */;
			productType = "com.apple.product-type.bundle.ui-testing";
		};
/* End PBXNativeTarget section */

/* Begin PBXProject section */
		0DE431CB22559127001DF0D7 /* Project object */ = {
			isa = PBXProject;
			attributes = {
				LastSwiftUpdateCheck = 1020;
				LastUpgradeCheck = 1020;
				ORGANIZATIONNAME = "Jaeson Booker";
				TargetAttributes = {
					0DE431D222559127001DF0D7 = {
						CreatedOnToolsVersion = 10.2;
					};
					0DE431E922559128001DF0D7 = {
						CreatedOnToolsVersion = 10.2;
						TestTargetID = 0DE431D222559127001DF0D7;
					};
					0DE431F422559129001DF0D7 = {
						CreatedOnToolsVersion = 10.2;
						TestTargetID = 0DE431D222559127001DF0D7;
					};
				};
			};
			buildConfigurationList = 0DE431CE22559127001DF0D7 /* Build configuration list for PBXProject "TripPlanner" */;
			compatibilityVersion = "Xcode 9.3";
			developmentRegion = en;
			hasScannedForEncodings = 0;
			knownRegions = (
				en,
				Base,
			);
			mainGroup = 0DE431CA22559127001DF0D7;
			productRefGroup = 0DE431D422559127001DF0D7 /* Products */;
			projectDirPath = "";
			projectRoot = "";
			targets = (
				0DE431D222559127001DF0D7 /* TripPlanner */,
				0DE431E922559128001DF0D7 /* TripPlannerTests */,
				0DE431F422559129001DF0D7 /* TripPlannerUITests */,
			);
		};
/* End PBXProject section */

/* Begin PBXResourcesBuildPhase section */
		0DE431D122559127001DF0D7 /* Resources */ = {
			isa = PBXResourcesBuildPhase;
			buildActionMask = 2147483647;
			files = (
				0DE431E422559128001DF0D7 /* LaunchScreen.storyboard in Resources */,
				0DE431E122559128001DF0D7 /* Assets.xcassets in Resources */,
				0DE431DC22559127001DF0D7 /* Main.storyboard in Resources */,
			);
			runOnlyForDeploymentPostprocessing = 0;
		};
		0DE431E822559128001DF0D7 /* Resources */ = {
			isa = PBXResourcesBuildPhase;
			buildActionMask = 2147483647;
			files = (
			);
			runOnlyForDeploymentPostprocessing = 0;
		};
		0DE431F322559129001DF0D7 /* Resources */ = {
			isa = PBXResourcesBuildPhase;
			buildActionMask = 2147483647;
			files = (
			);
			runOnlyForDeploymentPostprocessing = 0;
		};
/* End PBXResourcesBuildPhase section */

/* Begin PBXSourcesBuildPhase section */
		0DE431CF22559127001DF0D7 /* Sources */ = {
			isa = PBXSourcesBuildPhase;
			buildActionMask = 2147483647;
			files = (
				0DE431D922559127001DF0D7 /* ViewController.swift in Sources */,
				0DE4320A2255A5C5001DF0D7 /* AddTripTableViewController.swift in Sources */,
				0DE431DF22559127001DF0D7 /* TripPlanner.xcdatamodeld in Sources */,
				0DE431D722559127001DF0D7 /* AppDelegate.swift in Sources */,
				0DE432082255A5AE001DF0D7 /* ViewTripTableViewController.swift in Sources */,
				0DE4320C2255A64C001DF0D7 /* AddTripTableViewControllerDelegate.swift in Sources */,
			);
			runOnlyForDeploymentPostprocessing = 0;
		};
		0DE431E622559128001DF0D7 /* Sources */ = {
			isa = PBXSourcesBuildPhase;
			buildActionMask = 2147483647;
			files = (
				0DE431EF22559128001DF0D7 /* TripPlannerTests.swift in Sources */,
			);
			runOnlyForDeploymentPostprocessing = 0;
		};
		0DE431F122559129001DF0D7 /* Sources */ = {
			isa = PBXSourcesBuildPhase;
			buildActionMask = 2147483647;
			files = (
				0DE431FA22559129001DF0D7 /* TripPlannerUITests.swift in Sources */,
			);
			runOnlyForDeploymentPostprocessing = 0;
		};
/* End PBXSourcesBuildPhase section */

/* Begin PBXTargetDependency section */
		0DE431EC22559128001DF0D7 /* PBXTargetDependency */ = {
			isa = PBXTargetDependency;
			target = 0DE431D222559127001DF0D7 /* TripPlanner */;
			targetProxy = 0DE431EB22559128001DF0D7 /* PBXContainerItemProxy */;
		};
		0DE431F722559129001DF0D7 /* PBXTargetDependency */ = {
			isa = PBXTargetDependency;
			target = 0DE431D222559127001DF0D7 /* TripPlanner */;
			targetProxy = 0DE431F622559129001DF0D7 /* PBXContainerItemProxy */;
		};
/* End PBXTargetDependency section */

/* Begin PBXVariantGroup section */
		0DE431DA22559127001DF0D7 /* Main.storyboard */ = {
			isa = PBXVariantGroup;
			children = (
				0DE431DB22559127001DF0D7 /* Base */,
			);
			name = Main.storyboard;
			sourceTree = "<group>";
		};
		0DE431E222559128001DF0D7 /* LaunchScreen.storyboard */ = {
			isa = PBXVariantGroup;
			children = (
				0DE431E322559128001DF0D7 /* Base */,
			);
			name = LaunchScreen.storyboard;
			sourceTree = "<group>";
		};
/* End PBXVariantGroup section */

/* Begin XCBuildConfiguration section */
		0DE431FC22559129001DF0D7 /* Debug */ = {
			isa = XCBuildConfiguration;
			buildSettings = {
				ALWAYS_SEARCH_USER_PATHS = NO;
				CLANG_ANALYZER_NONNULL = YES;
				CLANG_ANALYZER_NUMBER_OBJECT_CONVERSION = YES_AGGRESSIVE;
				CLANG_CXX_LANGUAGE_STANDARD = "gnu++14";
				CLANG_CXX_LIBRARY = "libc++";
				CLANG_ENABLE_MODULES = YES;
				CLANG_ENABLE_OBJC_ARC = YES;
				CLANG_ENABLE_OBJC_WEAK = YES;
				CLANG_WARN_BLOCK_CAPTURE_AUTORELEASING = YES;
				CLANG_WARN_BOOL_CONVERSION = YES;
				CLANG_WARN_COMMA = YES;
				CLANG_WARN_CONSTANT_CONVERSION = YES;
				CLANG_WARN_DEPRECATED_OBJC_IMPLEMENTATIONS = YES;
				CLANG_WARN_DIRECT_OBJC_ISA_USAGE = YES_ERROR;
				CLANG_WARN_DOCUMENTATION_COMMENTS = YES;
				CLANG_WARN_EMPTY_BODY = YES;
				CLANG_WARN_ENUM_CONVERSION = YES;
				CLANG_WARN_INFINITE_RECURSION = YES;
				CLANG_WARN_INT_CONVERSION = YES;
				CLANG_WARN_NON_LITERAL_NULL_CONVERSION = YES;
				CLANG_WARN_OBJC_IMPLICIT_RETAIN_SELF = YES;
				CLANG_WARN_OBJC_LITERAL_CONVERSION = YES;
				CLANG_WARN_OBJC_ROOT_CLASS = YES_ERROR;
				CLANG_WARN_RANGE_LOOP_ANALYSIS = YES;
				CLANG_WARN_STRICT_PROTOTYPES = YES;
				CLANG_WARN_SUSPICIOUS_MOVE = YES;
				CLANG_WARN_UNGUARDED_AVAILABILITY = YES_AGGRESSIVE;
				CLANG_WARN_UNREACHABLE_CODE = YES;
				CLANG_WARN__DUPLICATE_METHOD_MATCH = YES;
				CODE_SIGN_IDENTITY = "iPhone Developer";
				COPY_PHASE_STRIP = NO;
				DEBUG_INFORMATION_FORMAT = dwarf;
				ENABLE_STRICT_OBJC_MSGSEND = YES;
				ENABLE_TESTABILITY = YES;
				GCC_C_LANGUAGE_STANDARD = gnu11;
				GCC_DYNAMIC_NO_PIC = NO;
				GCC_NO_COMMON_BLOCKS = YES;
				GCC_OPTIMIZATION_LEVEL = 0;
				GCC_PREPROCESSOR_DEFINITIONS = (
					"DEBUG=1",
					"$(inherited)",
				);
				GCC_WARN_64_TO_32_BIT_CONVERSION = YES;
				GCC_WARN_ABOUT_RETURN_TYPE = YES_ERROR;
				GCC_WARN_UNDECLARED_SELECTOR = YES;
				GCC_WARN_UNINITIALIZED_AUTOS = YES_AGGRESSIVE;
				GCC_WARN_UNUSED_FUNCTION = YES;
				GCC_WARN_UNUSED_VARIABLE = YES;
				IPHONEOS_DEPLOYMENT_TARGET = 12.2;
				MTL_ENABLE_DEBUG_INFO = INCLUDE_SOURCE;
				MTL_FAST_MATH = YES;
				ONLY_ACTIVE_ARCH = YES;
				SDKROOT = iphoneos;
				SWIFT_ACTIVE_COMPILATION_CONDITIONS = DEBUG;
				SWIFT_OPTIMIZATION_LEVEL = "-Onone";
			};
			name = Debug;
		};
		0DE431FD22559129001DF0D7 /* Release */ = {
			isa = XCBuildConfiguration;
			buildSettings = {
				ALWAYS_SEARCH_USER_PATHS = NO;
				CLANG_ANALYZER_NONNULL = YES;
				CLANG_ANALYZER_NUMBER_OBJECT_CONVERSION = YES_AGGRESSIVE;
				CLANG_CXX_LANGUAGE_STANDARD = "gnu++14";
				CLANG_CXX_LIBRARY = "libc++";
				CLANG_ENABLE_MODULES = YES;
				CLANG_ENABLE_OBJC_ARC = YES;
				CLANG_ENABLE_OBJC_WEAK = YES;
				CLANG_WARN_BLOCK_CAPTURE_AUTORELEASING = YES;
				CLANG_WARN_BOOL_CONVERSION = YES;
				CLANG_WARN_COMMA = YES;
				CLANG_WARN_CONSTANT_CONVERSION = YES;
				CLANG_WARN_DEPRECATED_OBJC_IMPLEMENTATIONS = YES;
				CLANG_WARN_DIRECT_OBJC_ISA_USAGE = YES_ERROR;
				CLANG_WARN_DOCUMENTATION_COMMENTS = YES;
				CLANG_WARN_EMPTY_BODY = YES;
				CLANG_WARN_ENUM_CONVERSION = YES;
				CLANG_WARN_INFINITE_RECURSION = YES;
				CLANG_WARN_INT_CONVERSION = YES;
				CLANG_WARN_NON_LITERAL_NULL_CONVERSION = YES;
				CLANG_WARN_OBJC_IMPLICIT_RETAIN_SELF = YES;
				CLANG_WARN_OBJC_LITERAL_CONVERSION = YES;
				CLANG_WARN_OBJC_ROOT_CLASS = YES_ERROR;
				CLANG_WARN_RANGE_LOOP_ANALYSIS = YES;
				CLANG_WARN_STRICT_PROTOTYPES = YES;
				CLANG_WARN_SUSPICIOUS_MOVE = YES;
				CLANG_WARN_UNGUARDED_AVAILABILITY = YES_AGGRESSIVE;
				CLANG_WARN_UNREACHABLE_CODE = YES;
				CLANG_WARN__DUPLICATE_METHOD_MATCH = YES;
				CODE_SIGN_IDENTITY = "iPhone Developer";
				COPY_PHASE_STRIP = NO;
				DEBUG_INFORMATION_FORMAT = "dwarf-with-dsym";
				ENABLE_NS_ASSERTIONS = NO;
				ENABLE_STRICT_OBJC_MSGSEND = YES;
				GCC_C_LANGUAGE_STANDARD = gnu11;
				GCC_NO_COMMON_BLOCKS = YES;
				GCC_WARN_64_TO_32_BIT_CONVERSION = YES;
				GCC_WARN_ABOUT_RETURN_TYPE = YES_ERROR;
				GCC_WARN_UNDECLARED_SELECTOR = YES;
				GCC_WARN_UNINITIALIZED_AUTOS = YES_AGGRESSIVE;
				GCC_WARN_UNUSED_FUNCTION = YES;
				GCC_WARN_UNUSED_VARIABLE = YES;
				IPHONEOS_DEPLOYMENT_TARGET = 12.2;
				MTL_ENABLE_DEBUG_INFO = NO;
				MTL_FAST_MATH = YES;
				SDKROOT = iphoneos;
				SWIFT_COMPILATION_MODE = wholemodule;
				SWIFT_OPTIMIZATION_LEVEL = "-O";
				VALIDATE_PRODUCT = YES;
			};
			name = Release;
		};
		0DE431FF22559129001DF0D7 /* Debug */ = {
			isa = XCBuildConfiguration;
			buildSettings = {
				ASSETCATALOG_COMPILER_APPICON_NAME = AppIcon;
				CODE_SIGN_STYLE = Automatic;
				DEVELOPMENT_TEAM = FC9W35QTCN;
				INFOPLIST_FILE = TripPlanner/Info.plist;
				LD_RUNPATH_SEARCH_PATHS = (
					"$(inherited)",
					"@executable_path/Frameworks",
				);
				PRODUCT_BUNDLE_IDENTIFIER = com.jaeson.TripPlanner;
				PRODUCT_NAME = "$(TARGET_NAME)";
				SWIFT_VERSION = 5.0;
				TARGETED_DEVICE_FAMILY = "1,2";
			};
			name = Debug;
		};
		0DE4320022559129001DF0D7 /* Release */ = {
			isa = XCBuildConfiguration;
			buildSettings = {
				ASSETCATALOG_COMPILER_APPICON_NAME = AppIcon;
				CODE_SIGN_STYLE = Automatic;
				DEVELOPMENT_TEAM = FC9W35QTCN;
				INFOPLIST_FILE = TripPlanner/Info.plist;
				LD_RUNPATH_SEARCH_PATHS = (
					"$(inherited)",
					"@executable_path/Frameworks",
				);
				PRODUCT_BUNDLE_IDENTIFIER = com.jaeson.TripPlanner;
				PRODUCT_NAME = "$(TARGET_NAME)";
				SWIFT_VERSION = 5.0;
				TARGETED_DEVICE_FAMILY = "1,2";
			};
			name = Release;
		};
		0DE4320222559129001DF0D7 /* Debug */ = {
			isa = XCBuildConfiguration;
			buildSettings = {
				ALWAYS_EMBED_SWIFT_STANDARD_LIBRARIES = YES;
				BUNDLE_LOADER = "$(TEST_HOST)";
				CODE_SIGN_STYLE = Automatic;
				DEVELOPMENT_TEAM = FC9W35QTCN;
				INFOPLIST_FILE = TripPlannerTests/Info.plist;
				LD_RUNPATH_SEARCH_PATHS = (
					"$(inherited)",
					"@executable_path/Frameworks",
					"@loader_path/Frameworks",
				);
				PRODUCT_BUNDLE_IDENTIFIER = com.jaeson.TripPlannerTests;
				PRODUCT_NAME = "$(TARGET_NAME)";
				SWIFT_VERSION = 5.0;
				TARGETED_DEVICE_FAMILY = "1,2";
				TEST_HOST = "$(BUILT_PRODUCTS_DIR)/TripPlanner.app/TripPlanner";
			};
			name = Debug;
		};
		0DE4320322559129001DF0D7 /* Release */ = {
			isa = XCBuildConfiguration;
			buildSettings = {
				ALWAYS_EMBED_SWIFT_STANDARD_LIBRARIES = YES;
				BUNDLE_LOADER = "$(TEST_HOST)";
				CODE_SIGN_STYLE = Automatic;
				DEVELOPMENT_TEAM = FC9W35QTCN;
				INFOPLIST_FILE = TripPlannerTests/Info.plist;
				LD_RUNPATH_SEARCH_PATHS = (
					"$(inherited)",
					"@executable_path/Frameworks",
					"@loader_path/Frameworks",
				);
				PRODUCT_BUNDLE_IDENTIFIER = com.jaeson.TripPlannerTests;
				PRODUCT_NAME = "$(TARGET_NAME)";
				SWIFT_VERSION = 5.0;
				TARGETED_DEVICE_FAMILY = "1,2";
				TEST_HOST = "$(BUILT_PRODUCTS_DIR)/TripPlanner.app/TripPlanner";
			};
			name = Release;
		};
		0DE4320522559129001DF0D7 /* Debug */ = {
			isa = XCBuildConfiguration;
			buildSettings = {
				ALWAYS_EMBED_SWIFT_STANDARD_LIBRARIES = YES;
				CODE_SIGN_STYLE = Automatic;
				DEVELOPMENT_TEAM = FC9W35QTCN;
				INFOPLIST_FILE = TripPlannerUITests/Info.plist;
				LD_RUNPATH_SEARCH_PATHS = (
					"$(inherited)",
					"@executable_path/Frameworks",
					"@loader_path/Frameworks",
				);
				PRODUCT_BUNDLE_IDENTIFIER = com.jaeson.TripPlannerUITests;
				PRODUCT_NAME = "$(TARGET_NAME)";
				SWIFT_VERSION = 5.0;
				TARGETED_DEVICE_FAMILY = "1,2";
				TEST_TARGET_NAME = TripPlanner;
			};
			name = Debug;
		};
		0DE4320622559129001DF0D7 /* Release */ = {
			isa = XCBuildConfiguration;
			buildSettings = {
				ALWAYS_EMBED_SWIFT_STANDARD_LIBRARIES = YES;
				CODE_SIGN_STYLE = Automatic;
				DEVELOPMENT_TEAM = FC9W35QTCN;
				INFOPLIST_FILE = TripPlannerUITests/Info.plist;
				LD_RUNPATH_SEARCH_PATHS = (
					"$(inherited)",
					"@executable_path/Frameworks",
					"@loader_path/Frameworks",
				);
				PRODUCT_BUNDLE_IDENTIFIER = com.jaeson.TripPlannerUITests;
				PRODUCT_NAME = "$(TARGET_NAME)";
				SWIFT_VERSION = 5.0;
				TARGETED_DEVICE_FAMILY = "1,2";
				TEST_TARGET_NAME = TripPlanner;
			};
			name = Release;
		};
/* End XCBuildConfiguration section */

/* Begin XCConfigurationList section */
		0DE431CE22559127001DF0D7 /* Build configuration list for PBXProject "TripPlanner" */ = {
			isa = XCConfigurationList;
			buildConfigurations = (
				0DE431FC22559129001DF0D7 /* Debug */,
				0DE431FD22559129001DF0D7 /* Release */,
			);
			defaultConfigurationIsVisible = 0;
			defaultConfigurationName = Release;
		};
		0DE431FE22559129001DF0D7 /* Build configuration list for PBXNativeTarget "TripPlanner" */ = {
			isa = XCConfigurationList;
			buildConfigurations = (
				0DE431FF22559129001DF0D7 /* Debug */,
				0DE4320022559129001DF0D7 /* Release */,
			);
			defaultConfigurationIsVisible = 0;
			defaultConfigurationName = Release;
		};
		0DE4320122559129001DF0D7 /* Build configuration list for PBXNativeTarget "TripPlannerTests" */ = {
			isa = XCConfigurationList;
			buildConfigurations = (
				0DE4320222559129001DF0D7 /* Debug */,
				0DE4320322559129001DF0D7 /* Release */,
			);
			defaultConfigurationIsVisible = 0;
			defaultConfigurationName = Release;
		};
		0DE4320422559129001DF0D7 /* Build configuration list for PBXNativeTarget "TripPlannerUITests" */ = {
			isa = XCConfigurationList;
			buildConfigurations = (
				0DE4320522559129001DF0D7 /* Debug */,
				0DE4320622559129001DF0D7 /* Release */,
			);
			defaultConfigurationIsVisible = 0;
			defaultConfigurationName = Release;
		};
/* End XCConfigurationList section */

/* Begin XCVersionGroup section */
		0DE431DD22559127001DF0D7 /* TripPlanner.xcdatamodeld */ = {
			isa = XCVersionGroup;
			children = (
				0DE431DE22559127001DF0D7 /* TripPlanner.xcdatamodel */,
			);
			currentVersion = 0DE431DE22559127001DF0D7 /* TripPlanner.xcdatamodel */;
			path = TripPlanner.xcdatamodeld;
			sourceTree = "<group>";
			versionGroupType = wrapper.xcdatamodel;
		};
/* End XCVersionGroup section */
	};
	rootObject = 0DE431CB22559127001DF0D7 /* Project object */;
}
